lockfileVersion: 5.4

specifiers:
  '@airbrake/browser': ^1.4.2
  '@hotwired/stimulus': ^3.2.1
  '@hotwired/turbo': ^7.2.4
  bootstrap: ~4.6
  device-detector-js: ^3.0.3
  esbuild: ^0.16.11

dependencies:
  bootstrap: 4.6.2

devDependencies:
  '@airbrake/browser': 1.4.2
  '@hotwired/stimulus': 3.2.1
  '@hotwired/turbo': 7.2.4
  device-detector-js: 3.0.3
  esbuild: 0.16.11

packages:

  /@airbrake/browser/1.4.2:
    resolution: {integrity: sha512-hlP+IMDcJXpoIaXTeKl8W+p18hKRJ9SKgLQTVh45GA9/qFXsLgu0V4tn0jDT5NQQXJG1+IKBv/RLRVgyswJy+w==}
    dependencies:
      '@types/promise-polyfill': 6.0.4
      '@types/request': 2.48.5
      cross-fetch: 3.1.5
      error-stack-parser: 2.1.4
      promise-polyfill: 8.2.3
      tdigest: 0.1.2
    transitivePeerDependencies:
      - encoding
    dev: true

  /@esbuild/android-arm/0.16.11:
    resolution: {integrity: sha512-j2xsG1OETgCe+OBA54DG5vLuGjmMZtQvyxt+rTw2aYK/RqjcG/F+UDdj43uoUOv8lSRC3lM4XpKLOVZfY/82yA==}
    engines: {node: '>=12'}
    cpu: [arm]
    os: [android]
    requiresBuild: true
    dev: true
    optional: true

  /@esbuild/android-arm64/0.16.11:
    resolution: {integrity: sha512-CPwhZd15PasQSlkFuZv1st37xvuBeklztfb9y2GZWLQu59zcMIDkZVSEz/TTIxzt811+eJfblg5HhP49iVVDWQ==}
    engines: {node: '>=12'}
    cpu: [arm64]
    os: [android]
    requiresBuild: true
    dev: true
    optional: true

  /@esbuild/android-x64/0.16.11:
    resolution: {integrity: sha512-vbFn+0JXX6FkKq+0sNeA6aF2QhuOt9ZkBl+DSyqKIF+Ms58lUOhbqSwberKWQDm0udgOp3d/LhOFTYmpvmlZmA==}
    engines: {node: '>=12'}
    cpu: [x64]
    os: [android]
    requiresBuild: true
    dev: true
    optional: true

  /@esbuild/darwin-arm64/0.16.11:
    resolution: {integrity: sha512-1tqsIG6AySZ9njT8V2ddH1F/J01zX+0obPCpP0uD9TMIUlAA5WUF/+abFlnIsNY4jACcbN/13NUbLRWE9bayjw==}
    engines: {node: '>=12'}
    cpu: [arm64]
    os: [darwin]
    requiresBuild: true
    dev: true
    optional: true

  /@esbuild/darwin-x64/0.16.11:
    resolution: {integrity: sha512-Gqx2/nYqnK46dwEDPGv3SwLqgLIZQJ7m2xNoNRzO50VZPvoCWSUqDaoirrZZf7uVfl+fxHoZBcdQJx2gOdxffQ==}
    engines: {node: '>=12'}
    cpu: [x64]
    os: [darwin]
    requiresBuild: true
    dev: true
    optional: true

  /@esbuild/freebsd-arm64/0.16.11:
    resolution: {integrity: sha512-58FTdlgIQ3ZxFtGphjbIBmo7kfDhQih/PlfAnKraAcCDZOYXWcRFmHJtW+EVg32IIxuEAqhLAzCgrqpm5o8Wlw==}
    engines: {node: '>=12'}
    cpu: [arm64]
    os: [freebsd]
    requiresBuild: true
    dev: true
    optional: true

  /@esbuild/freebsd-x64/0.16.11:
    resolution: {integrity: sha512-L7hr6VnpqZzYEDVQeaViz1QnmfFRCRm3zVtljbYi/CU6InKs6tda1J3pAvqVsbNpbGMA9AvyiyBrgjJAFCawVg==}
    engines: {node: '>=12'}
    cpu: [x64]
    os: [freebsd]
    requiresBuild: true
    dev: true
    optional: true

  /@esbuild/linux-arm/0.16.11:
    resolution: {integrity: sha512-Mk6TZij71alyS0FGuKEKYjTZGjUw2uXi07V/AiGZW1b5grTfGx6lpsbQdystgDJqju99Osq2Ix+C7WteSnwrHg==}
    engines: {node: '>=12'}
    cpu: [arm]
    os: [linux]
    requiresBuild: true
    dev: true
    optional: true

  /@esbuild/linux-arm64/0.16.11:
    resolution: {integrity: sha512-OKU0ajh9Xu7Pd1MlSq8Xqj5SJEV+4yVnALydPTDrrmTyvU72P8mTRJgZMilHw7H+Jqc0utryjNOwlJ/+fOkwGw==}
    engines: {node: '>=12'}
    cpu: [arm64]
    os: [linux]
    requiresBuild: true
    dev: true
    optional: true

  /@esbuild/linux-ia32/0.16.11:
    resolution: {integrity: sha512-pr1/tdDfgQQ9hp2IskSKMuwkx2X4jR7iHLbqEmmj/lPLKeoa6AUulnglGY4y0OPo+0eAYd6DzWp7ve3KI4lOCA==}
    engines: {node: '>=12'}
    cpu: [ia32]
    os: [linux]
    requiresBuild: true
    dev: true
    optional: true

  /@esbuild/linux-loong64/0.16.11:
    resolution: {integrity: sha512-2MCYdDBh9R+R1xuBFiApgkbp/tW1uV+aVeefKYqWSEk3o6MHzWo1FxEGA4dSnC+kThSBOMVpCV9z4/DPouA3bQ==}
    engines: {node: '>=12'}
    cpu: [loong64]
    os: [linux]
    requiresBuild: true
    dev: true
    optional: true

  /@esbuild/linux-mips64el/0.16.11:
    resolution: {integrity: sha512-IyotdnRg0J8F9FKttYe3cy/M9ZJ5W/Gm6whH08sbXMxRVKs/TyyoqFIA8oT1MzR+si6GLlRpcF7JbUnOXssjPA==}
    engines: {node: '>=12'}
    cpu: [mips64el]
    os: [linux]
    requiresBuild: true
    dev: true
    optional: true

  /@esbuild/linux-ppc64/0.16.11:
    resolution: {integrity: sha512-NUMtxvb0j41UL8yf8VnTMNbCQxKqIPmF0Wf/N44UrxpKE8iCNmWT95Wt98Ivr2ebHdz+V3kptlgBuZNYcJLI6g==}
    engines: {node: '>=12'}
    cpu: [ppc64]
    os: [linux]
    requiresBuild: true
    dev: true
    optional: true

  /@esbuild/linux-riscv64/0.16.11:
    resolution: {integrity: sha512-03/B26az/JezvVkgck+lhauP13t6RqzCQgnrkBCBrXXpX+2r02DfSU43BEhpErJrsrDA8GXSE/rvsfbGCX6OvA==}
    engines: {node: '>=12'}
    cpu: [riscv64]
    os: [linux]
    requiresBuild: true
    dev: true
    optional: true

  /@esbuild/linux-s390x/0.16.11:
    resolution: {integrity: sha512-Xs2tRB0fgly4XfC4FMv1Fd699AMEH8BClp36mzqRuVzm/285XIJaK5cPEZ9cLLn9ukNHdvvSX/83u5uS1BCd8g==}
    engines: {node: '>=12'}
    cpu: [s390x]
    os: [linux]
    requiresBuild: true
    dev: true
    optional: true

  /@esbuild/linux-x64/0.16.11:
    resolution: {integrity: sha512-CiNialxsjJllrG3ggzOKzSaqQK/De/Mv4g/3r7jxLt01GLerPh0Q3TVTndFG9VfOrR1PdN7Fz5AOV3bE6Isd1Q==}
    engines: {node: '>=12'}
    cpu: [x64]
    os: [linux]
    requiresBuild: true
    dev: true
    optional: true

  /@esbuild/netbsd-x64/0.16.11:
    resolution: {integrity: sha512-PiljZi6QZ3Pz0pL8rfJqPln8F/a3mEJwh2vhBb1kDYLniLufo9/7AInb/ZyhvgR7FxUQluUYyz64owPomgaLJA==}
    engines: {node: '>=12'}
    cpu: [x64]
    os: [netbsd]
    requiresBuild: true
    dev: true
    optional: true

  /@esbuild/openbsd-x64/0.16.11:
    resolution: {integrity: sha512-Nyk8aJM+w6NoS4RGQJ0ybb516jEIbEVlLvhRIdpCssUuqKU0lr9lJPHnFY2QqyoVaJkd6VxaHOBU/v/ieuiENQ==}
    engines: {node: '>=12'}
    cpu: [x64]
    os: [openbsd]
    requiresBuild: true
    dev: true
    optional: true

  /@esbuild/sunos-x64/0.16.11:
    resolution: {integrity: sha512-shxBLdNJecr7KxuyZQ19idBU8x7Mq7m+N5Fj8ROWMWQbDdjSjlBPxz7EZJIxSh7FUgSMKl7qSCCVaczXrta4MQ==}
    engines: {node: '>=12'}
    cpu: [x64]
    os: [sunos]
    requiresBuild: true
    dev: true
    optional: true

  /@esbuild/win32-arm64/0.16.11:
    resolution: {integrity: sha512-vyTbfoEBn7cGXK8writbsB+G2wyRoOA+EbTNQ9cu5lyLU65sfWetCaL8T7mX338AN8tTbCYl6ce5YRKTonpA3w==}
    engines: {node: '>=12'}
    cpu: [arm64]
    os: [win32]
    requiresBuild: true
    dev: true
    optional: true

  /@esbuild/win32-ia32/0.16.11:
    resolution: {integrity: sha512-ATGCGc52LNqakUE9i54RzFC4lm70UTcTW721AFGjQotc6uCg7sf7QeRd05wD5tLBFafHdMSZv4rsU/Nh7LT/rQ==}
    engines: {node: '>=12'}
    cpu: [ia32]
    os: [win32]
    requiresBuild: true
    dev: true
    optional: true

  /@esbuild/win32-x64/0.16.11:
    resolution: {integrity: sha512-7NcClJIctrO3iRu5CCqwdSBePm8bL2Iu1DYsuOnxuYJ+a1Kv3Wn3MzNdJIrUPLi1yADVwRliRUU/jtMC/tJnJA==}
    engines: {node: '>=12'}
    cpu: [x64]
    os: [win32]
    requiresBuild: true
    dev: true
    optional: true

  /@hotwired/stimulus/3.2.1:
    resolution: {integrity: sha512-HGlzDcf9vv/EQrMJ5ZG6VWNs8Z/xMN+1o2OhV1gKiSG6CqZt5MCBB1gRg5ILiN3U0jEAxuDTNPRfBcnZBDmupQ==}
    dev: true

  /@hotwired/turbo/7.2.4:
    resolution: {integrity: sha512-c3xlOroHp/cCZHDOuLp6uzQYEbvXBUVaal0puXoGJ9M8L/KHwZ3hQozD4dVeSN9msHWLxxtmPT1TlCN7gFhj4w==}
    engines: {node: '>= 14'}
    dev: true

  /@types/caseless/0.12.2:
    resolution: {integrity: sha512-6ckxMjBBD8URvjB6J3NcnuAn5Pkl7t3TizAg+xdlzzQGSPSmBcXf8KoIH0ua/i+tio+ZRUHEXp0HEmvaR4kt0w==}
    dev: true

  /@types/node/18.11.18:
    resolution: {integrity: sha512-DHQpWGjyQKSHj3ebjFI/wRKcqQcdR+MoFBygntYOZytCqNfkd2ZC4ARDJ2DQqhjH5p85Nnd3jhUJIXrszFX/JA==}
    dev: true

  /@types/promise-polyfill/6.0.4:
    resolution: {integrity: sha512-GSCjjH6mDS8jgpT22rEOkZVqZcYj7i9AHJu4ntpvoohEpa0mLAKP/Kz3POMKqABaFsS4TyNHOeoyWpzycddcoQ==}
    dev: true

  /@types/request/2.48.5:
    resolution: {integrity: sha512-/LO7xRVnL3DxJ1WkPGDQrp4VTV1reX9RkC85mJ+Qzykj2Bdw+mG15aAfDahc76HtknjzE16SX/Yddn6MxVbmGQ==}
    dependencies:
      '@types/caseless': 0.12.2
      '@types/node': 18.11.18
      '@types/tough-cookie': 4.0.2
      form-data: 2.5.1
    dev: true

  /@types/tough-cookie/4.0.2:
    resolution: {integrity: sha512-Q5vtl1W5ue16D+nIaW8JWebSSraJVlK+EthKn7e7UcD4KWsaSJ8BqGPXNaPghgtcn/fhvrN17Tv8ksUsQpiplw==}
    dev: true

  /asynckit/0.4.0:
    resolution: {integrity: sha512-Oei9OH4tRh0YqU3GxhX79dM/mwVgvbZJaSNaRk+bshkj0S5cfHcgYakreBjrHwatXKbz+IoIdYLxrKim2MjW0Q==}
    dev: true

  /bintrees/1.0.2:
    resolution: {integrity: sha512-VOMgTMwjAaUG580SXn3LacVgjurrbMme7ZZNYGSSV7mmtY6QQRh0Eg3pwIcntQ77DErK1L0NxkbetjcoXzVwKw==}
    dev: true

  /bootstrap/4.6.2:
    resolution: {integrity: sha512-51Bbp/Uxr9aTuy6ca/8FbFloBUJZLHwnhTcnjIeRn2suQWsWzcuJhGjKDB5eppVte/8oCdOL3VuwxvZDUggwGQ==}
    peerDependencies:
      jquery: 1.9.1 - 3
      popper.js: ^1.16.1
    dev: false

  /combined-stream/1.0.8:
    resolution: {integrity: sha512-FQN4MRfuJeHf7cBbBMJFXhKSDq+2kAArBlmRBvcvFE5BB1HZKXtSFASDhdlz9zOYwxh8lDdnvmMOe/+5cdoEdg==}
    engines: {node: '>= 0.8'}
    dependencies:
      delayed-stream: 1.0.0
    dev: true

  /cross-fetch/3.1.5:
    resolution: {integrity: sha512-lvb1SBsI0Z7GDwmuid+mU3kWVBwTVUbe7S0H52yaaAdQOXq2YktTCZdlAcNKFzE6QtRz0snpw9bNiPeOIkkQvw==}
    dependencies:
      node-fetch: 2.6.7
    transitivePeerDependencies:
      - encoding
    dev: true

  /delayed-stream/1.0.0:
    resolution: {integrity: sha512-ZySD7Nf91aLB0RxL4KGrKHBXl7Eds1DAmEdcoVawXnLD7SDhpNgtuII2aAkg7a7QS41jxPSZ17p4VdGnMHk3MQ==}
    engines: {node: '>=0.4.0'}
    dev: true

  /device-detector-js/3.0.3:
    resolution: {integrity: sha512-jM89LJAvP6uOd84at8OlD9dWP8KeYCCHUde0RT0HQo/stdoRH4b54Xl/fntx2nEXCmqiFhmo+/cJetS2VGUHPw==}
    engines: {node: '>= 8.11.4'}
    dev: true

  /error-stack-parser/2.1.4:
    resolution: {integrity: sha512-Sk5V6wVazPhq5MhpO+AUxJn5x7XSXGl1R93Vn7i+zS15KDVxQijejNCrz8340/2bgLBjR9GtEG8ZVKONDjcqGQ==}
    dependencies:
      stackframe: 1.3.4
    dev: true

  /esbuild/0.16.11:
    resolution: {integrity: sha512-Al0hhRUz/cCDvDp9VZp1L500HZZQ/HLjgTnQTmnW97+PoLmw+PuvB3e19JHYZtWnrxoh3qYrN/0tiRIbrE2oVQ==}
    engines: {node: '>=12'}
    hasBin: true
    requiresBuild: true
    optionalDependencies:
      '@esbuild/android-arm': 0.16.11
      '@esbuild/android-arm64': 0.16.11
      '@esbuild/android-x64': 0.16.11
      '@esbuild/darwin-arm64': 0.16.11
      '@esbuild/darwin-x64': 0.16.11
      '@esbuild/freebsd-arm64': 0.16.11
      '@esbuild/freebsd-x64': 0.16.11
      '@esbuild/linux-arm': 0.16.11
      '@esbuild/linux-arm64': 0.16.11
      '@esbuild/linux-ia32': 0.16.11
      '@esbuild/linux-loong64': 0.16.11
      '@esbuild/linux-mips64el': 0.16.11
      '@esbuild/linux-ppc64': 0.16.11
      '@esbuild/linux-riscv64': 0.16.11
      '@esbuild/linux-s390x': 0.16.11
      '@esbuild/linux-x64': 0.16.11
      '@esbuild/netbsd-x64': 0.16.11
      '@esbuild/openbsd-x64': 0.16.11
      '@esbuild/sunos-x64': 0.16.11
      '@esbuild/win32-arm64': 0.16.11
      '@esbuild/win32-ia32': 0.16.11
      '@esbuild/win32-x64': 0.16.11
    dev: true

  /form-data/2.5.1:
    resolution: {integrity: sha512-m21N3WOmEEURgk6B9GLOE4RuWOFf28Lhh9qGYeNlGq4VDXUlJy2th2slBNU8Gp8EzloYZOibZJ7t5ecIrFSjVA==}
    engines: {node: '>= 0.12'}
    dependencies:
      asynckit: 0.4.0
      combined-stream: 1.0.8
      mime-types: 2.1.35
    dev: true

  /mime-db/1.52.0:
    resolution: {integrity: sha512-sPU4uV7dYlvtWJxwwxHD0PuihVNiE7TyAbQ5SWxDCB9mUYvOgroQOwYQQOKPJ8CIbE+1ETVlOoK1UC2nU3gYvg==}
    engines: {node: '>= 0.6'}
    dev: true

  /mime-types/2.1.35:
    resolution: {integrity: sha512-ZDY+bPm5zTTF+YpCrAU9nK0UgICYPT0QtT1NZWFv4s++TNkcgVaT0g6+4R2uI4MjQjzysHB1zxuWL50hzaeXiw==}
    engines: {node: '>= 0.6'}
    dependencies:
      mime-db: 1.52.0
    dev: true

  /node-fetch/2.6.7:
    resolution: {integrity: sha512-ZjMPFEfVx5j+y2yF35Kzx5sF7kDzxuDj6ziH4FFbOp87zKDZNx8yExJIb05OGF4Nlt9IHFIMBkRl41VdvcNdbQ==}
    engines: {node: 4.x || >=6.0.0}
    peerDependencies:
      encoding: ^0.1.0
    peerDependenciesMeta:
      encoding:
        optional: true
    dependencies:
      whatwg-url: 5.0.0
    dev: true

  /promise-polyfill/8.2.3:
    resolution: {integrity: sha512-Og0+jCRQetV84U8wVjMNccfGCnMQ9mGs9Hv78QFe+pSDD3gWTpz0y+1QCuxy5d/vBFuZ3iwP2eycAkvqIMPmWg==}
    dev: true

  /stackframe/1.3.4:
    resolution: {integrity: sha512-oeVtt7eWQS+Na6F//S4kJ2K2VbRlS9D43mAlMyVpVWovy9o+jfgH8O9agzANzaiLjclA0oYzUXEM4PurhSUChw==}
    dev: true

  /tdigest/0.1.2:
    resolution: {integrity: sha512-+G0LLgjjo9BZX2MfdvPfH+MKLCrxlXSYec5DaPYP1fe6Iyhf0/fSmJ0bFiZ1F8BT6cGXl2LpltQptzjXKWEkKA==}
    dependencies:
      bintrees: 1.0.2
    dev: true

  /tr46/0.0.3:
    resolution: {integrity: sha512-N3WMsuqV66lT30CrXNbEjx4GEwlow3v6rr4mCcv6prnfwhS01rkgyFdjPNBYd9br7LpXV1+Emh01fHnq2Gdgrw==}
    dev: true

  /webidl-conversions/3.0.1:
    resolution: {integrity: sha512-2JAn3z8AR6rjK8Sm8orRC0h/bcl/DqL7tRPdGZ4I1CjdF+EaMLmYxBHyXuKL849eucPFhvBoxMsflfOb8kxaeQ==}
    dev: true

  /whatwg-url/5.0.0:
    resolution: {integrity: sha512-saE57nupxk6v3HY35+jzBwYa0rKSy0XR8JSxZPwgLr7ys0IBzhGviA1/TUGJLmSVqs8pb9AnvICXEuOHLprYTw==}
    dependencies:
      tr46: 0.0.3
      webidl-conversions: 3.0.1
    dev: true
